// !$*UTF8*$!
{
	archiveVersion = 1;
	classes = {
	};
	objectVersion = 50;
	objects = {

/* Begin PBXBuildFile section */
		B3C5FB31D6B4196DC5C846CB /* Pods_DDDownloadTests.framework in Frameworks */ = {isa = PBXBuildFile; fileRef = 9737DE0E58376F560091EF03 /* Pods_DDDownloadTests.framework */; };
		CF5885108076110046996E57 /* Pods_DDDownloadUITests.framework in Frameworks */ = {isa = PBXBuildFile; fileRef = 508D9AE611F2FF68005DA8D2 /* Pods_DDDownloadUITests.framework */; };
		D5B9FADEA4DDE2974A2C4334 /* Pods_DDDownload.framework in Frameworks */ = {isa = PBXBuildFile; fileRef = E9464B86026EB24D8452C6DC /* Pods_DDDownload.framework */; };
		E39E45D021C09F2900579F72 /* DDDownloadModel.swift in Sources */ = {isa = PBXBuildFile; fileRef = E39E45CF21C09F2900579F72 /* DDDownloadModel.swift */; };
		E39E45D221C0C22000579F72 /* String+md5.swift in Sources */ = {isa = PBXBuildFile; fileRef = E39E45D121C0C22000579F72 /* String+md5.swift */; };
		E39E464B21C0C71800579F72 /* DDPlayerView.m in Sources */ = {isa = PBXBuildFile; fileRef = E39E45D821C0C71700579F72 /* DDPlayerView.m */; };
		E39E464C21C0C71800579F72 /* DDPlayerView+Private.m in Sources */ = {isa = PBXBuildFile; fileRef = E39E45DC21C0C71700579F72 /* DDPlayerView+Private.m */; };
		E39E464D21C0C71800579F72 /* DDPlayerView+ViewAppear.m in Sources */ = {isa = PBXBuildFile; fileRef = E39E45DF21C0C71700579F72 /* DDPlayerView+ViewAppear.m */; };
		E39E464E21C0C71800579F72 /* DDPlayerView+CaptureVideo.m in Sources */ = {isa = PBXBuildFile; fileRef = E39E45E221C0C71700579F72 /* DDPlayerView+CaptureVideo.m */; };
		E39E464F21C0C71800579F72 /* DDPlayerView+SwitchLine.m in Sources */ = {isa = PBXBuildFile; fileRef = E39E45E421C0C71700579F72 /* DDPlayerView+SwitchLine.m */; };
		E39E465021C0C71800579F72 /* DDPlayerView+CaptureImage.m in Sources */ = {isa = PBXBuildFile; fileRef = E39E45E821C0C71700579F72 /* DDPlayerView+CaptureImage.m */; };
		E39E465121C0C71800579F72 /* DDPlayerView+ShowSubView.m in Sources */ = {isa = PBXBuildFile; fileRef = E39E45E921C0C71700579F72 /* DDPlayerView+ShowSubView.m */; };
		E39E465221C0C71800579F72 /* DDPlayerView+TryWatch.m in Sources */ = {isa = PBXBuildFile; fileRef = E39E45EB21C0C71700579F72 /* DDPlayerView+TryWatch.m */; };
		E39E465321C0C71800579F72 /* DDPlayerView+ToPay.m in Sources */ = {isa = PBXBuildFile; fileRef = E39E45EC21C0C71700579F72 /* DDPlayerView+ToPay.m */; };
		E39E465421C0C71800579F72 /* DDPlayerContentView.m in Sources */ = {isa = PBXBuildFile; fileRef = E39E45F121C0C71800579F72 /* DDPlayerContentView.m */; };
		E39E465521C0C71800579F72 /* DDPlayerUIFactory.m in Sources */ = {isa = PBXBuildFile; fileRef = E39E45F521C0C71800579F72 /* DDPlayerUIFactory.m */; };
		E39E465621C0C71800579F72 /* DDKVOManager.m in Sources */ = {isa = PBXBuildFile; fileRef = E39E45F621C0C71800579F72 /* DDKVOManager.m */; };
		E39E465721C0C71800579F72 /* DDPlayerTool.m in Sources */ = {isa = PBXBuildFile; fileRef = E39E45F921C0C71800579F72 /* DDPlayerTool.m */; };
		E39E465821C0C71800579F72 /* DDPlayerManager.m in Sources */ = {isa = PBXBuildFile; fileRef = E39E45FC21C0C71800579F72 /* DDPlayerManager.m */; };
		E39E465921C0C71800579F72 /* DDPlayerClarityPromptLabel.m in Sources */ = {isa = PBXBuildFile; fileRef = E39E45FF21C0C71800579F72 /* DDPlayerClarityPromptLabel.m */; };
		E39E465A21C0C71800579F72 /* DDPlayerClarityTool.m in Sources */ = {isa = PBXBuildFile; fileRef = E39E460021C0C71800579F72 /* DDPlayerClarityTool.m */; };
		E39E465B21C0C71800579F72 /* DDPlayerClarityChoiceView.m in Sources */ = {isa = PBXBuildFile; fileRef = E39E460421C0C71800579F72 /* DDPlayerClarityChoiceView.m */; };
		E39E465C21C0C71800579F72 /* DDPlayerCoverView.m in Sources */ = {isa = PBXBuildFile; fileRef = E39E460621C0C71800579F72 /* DDPlayerCoverView.m */; };
		E39E465D21C0C71800579F72 /* DDCaptureVideoView.m in Sources */ = {isa = PBXBuildFile; fileRef = E39E460921C0C71800579F72 /* DDCaptureVideoView.m */; };
		E39E465E21C0C71800579F72 /* DDCaptureVideoShareView.m in Sources */ = {isa = PBXBuildFile; fileRef = E39E460A21C0C71800579F72 /* DDCaptureVideoShareView.m */; };
		E39E465F21C0C71800579F72 /* DDTextView.m in Sources */ = {isa = PBXBuildFile; fileRef = E39E460B21C0C71800579F72 /* DDTextView.m */; };
		E39E466021C0C71800579F72 /* DDCaptureVideoCommentView.m in Sources */ = {isa = PBXBuildFile; fileRef = E39E460D21C0C71800579F72 /* DDCaptureVideoCommentView.m */; };
		E39E466121C0C71800579F72 /* DDCaptureVideoProgressView.m in Sources */ = {isa = PBXBuildFile; fileRef = E39E461121C0C71800579F72 /* DDCaptureVideoProgressView.m */; };
		E39E466221C0C71800579F72 /* DDCaptureImageShareSmallView.m in Sources */ = {isa = PBXBuildFile; fileRef = E39E461421C0C71800579F72 /* DDCaptureImageShareSmallView.m */; };
		E39E466321C0C71800579F72 /* DDCaptureImageShareView.m in Sources */ = {isa = PBXBuildFile; fileRef = E39E461721C0C71800579F72 /* DDCaptureImageShareView.m */; };
		E39E466421C0C71800579F72 /* DDPlayerContainerView.m in Sources */ = {isa = PBXBuildFile; fileRef = E39E461A21C0C71800579F72 /* DDPlayerContainerView.m */; };
		E39E466521C0C71800579F72 /* DDNetworkErrorView.m in Sources */ = {isa = PBXBuildFile; fileRef = E39E461E21C0C71800579F72 /* DDNetworkErrorView.m */; };
		E39E466621C0C71800579F72 /* DDNetworkWWANWarnView.m in Sources */ = {isa = PBXBuildFile; fileRef = E39E461F21C0C71800579F72 /* DDNetworkWWANWarnView.m */; };
		E39E466721C0C71800579F72 /* DDPlayerBackButton.m in Sources */ = {isa = PBXBuildFile; fileRef = E39E462121C0C71800579F72 /* DDPlayerBackButton.m */; };
		E39E466821C0C71800579F72 /* DDLeftBottomPromptLabel.m in Sources */ = {isa = PBXBuildFile; fileRef = E39E462421C0C71800579F72 /* DDLeftBottomPromptLabel.m */; };
		E39E466921C0C71800579F72 /* DDPlayerErrorView.m in Sources */ = {isa = PBXBuildFile; fileRef = E39E462621C0C71800579F72 /* DDPlayerErrorView.m */; };
		E39E466A21C0C71800579F72 /* DDPlayerControlBottomLandscapeView.m in Sources */ = {isa = PBXBuildFile; fileRef = E39E462921C0C71800579F72 /* DDPlayerControlBottomLandscapeView.m */; };
		E39E466B21C0C71800579F72 /* DDPlayerControlView.m in Sources */ = {isa = PBXBuildFile; fileRef = E39E462A21C0C71800579F72 /* DDPlayerControlView.m */; };
		E39E466C21C0C71800579F72 /* DDPlayerControlTopView.m in Sources */ = {isa = PBXBuildFile; fileRef = E39E462C21C0C71800579F72 /* DDPlayerControlTopView.m */; };
		E39E466D21C0C71800579F72 /* DDPlayerControlBottomPortraitView.m in Sources */ = {isa = PBXBuildFile; fileRef = E39E462D21C0C71800579F72 /* DDPlayerControlBottomPortraitView.m */; };
		E39E466E21C0C71800579F72 /* DDPlayerComponentBaseView.m in Sources */ = {isa = PBXBuildFile; fileRef = E39E462E21C0C71800579F72 /* DDPlayerComponentBaseView.m */; };
		E39E466F21C0C71800579F72 /* DDPlayerControlBottomBaseView.m in Sources */ = {isa = PBXBuildFile; fileRef = E39E462F21C0C71800579F72 /* DDPlayerControlBottomBaseView.m */; };
		E39E467021C0C71800579F72 /* DDBrightView.m in Sources */ = {isa = PBXBuildFile; fileRef = E39E463721C0C71800579F72 /* DDBrightView.m */; };
		E39E467121C0C71800579F72 /* DDNeedPayView.m in Sources */ = {isa = PBXBuildFile; fileRef = E39E463B21C0C71800579F72 /* DDNeedPayView.m */; };
		E39E467221C0C71800579F72 /* DDTryWatchView.m in Sources */ = {isa = PBXBuildFile; fileRef = E39E463C21C0C71800579F72 /* DDTryWatchView.m */; };
		E39E467321C0C71800579F72 /* DDPlayerDragProgressPortraitView.m in Sources */ = {isa = PBXBuildFile; fileRef = E39E463E21C0C71800579F72 /* DDPlayerDragProgressPortraitView.m */; };
		E39E467421C0C71800579F72 /* DDPlayerDragProgressBaseView.m in Sources */ = {isa = PBXBuildFile; fileRef = E39E464021C0C71800579F72 /* DDPlayerDragProgressBaseView.m */; };
		E39E467521C0C71800579F72 /* DDPlayerDragProgressLandscapeView.m in Sources */ = {isa = PBXBuildFile; fileRef = E39E464221C0C71800579F72 /* DDPlayerDragProgressLandscapeView.m */; };
		E39E467621C0C71800579F72 /* DDTryWatchFinishView.m in Sources */ = {isa = PBXBuildFile; fileRef = E39E464521C0C71800579F72 /* DDTryWatchFinishView.m */; };
		E39E467721C0C71800579F72 /* DDPlayer.m in Sources */ = {isa = PBXBuildFile; fileRef = E39E464721C0C71800579F72 /* DDPlayer.m */; };
		E39E467821C0C71800579F72 /* DDPlayer_Gif_Loading.gif in Resources */ = {isa = PBXBuildFile; fileRef = E39E464A21C0C71800579F72 /* DDPlayer_Gif_Loading.gif */; };
		E39E467A21C0CA6700579F72 /* PlayerViewController.swift in Sources */ = {isa = PBXBuildFile; fileRef = E39E467921C0CA6700579F72 /* PlayerViewController.swift */; };
		E3BB4F9221BF9E3800EA587F /* AppDelegate.swift in Sources */ = {isa = PBXBuildFile; fileRef = E3BB4F9121BF9E3800EA587F /* AppDelegate.swift */; };
		E3BB4F9421BF9E3800EA587F /* ViewController.swift in Sources */ = {isa = PBXBuildFile; fileRef = E3BB4F9321BF9E3800EA587F /* ViewController.swift */; };
		E3BB4F9721BF9E3800EA587F /* Main.storyboard in Resources */ = {isa = PBXBuildFile; fileRef = E3BB4F9521BF9E3800EA587F /* Main.storyboard */; };
		E3BB4F9921BF9E3800EA587F /* Assets.xcassets in Resources */ = {isa = PBXBuildFile; fileRef = E3BB4F9821BF9E3800EA587F /* Assets.xcassets */; };
		E3BB4F9C21BF9E3800EA587F /* LaunchScreen.storyboard in Resources */ = {isa = PBXBuildFile; fileRef = E3BB4F9A21BF9E3800EA587F /* LaunchScreen.storyboard */; };
		E3BB4FA721BF9E3800EA587F /* DDDownloadTests.swift in Sources */ = {isa = PBXBuildFile; fileRef = E3BB4FA621BF9E3800EA587F /* DDDownloadTests.swift */; };
		E3BB4FB221BF9E3800EA587F /* DDDownloadUITests.swift in Sources */ = {isa = PBXBuildFile; fileRef = E3BB4FB121BF9E3800EA587F /* DDDownloadUITests.swift */; };
		E3BB4FC021BF9E9D00EA587F /* DDDownloadManager.swift in Sources */ = {isa = PBXBuildFile; fileRef = E3BB4FBF21BF9E9D00EA587F /* DDDownloadManager.swift */; };
		E3BB4FC321BFA21300EA587F /* DownloadViewController.swift in Sources */ = {isa = PBXBuildFile; fileRef = E3BB4FC221BFA21300EA587F /* DownloadViewController.swift */; };
		E3BB4FC521BFA21E00EA587F /* MyDownloadViewController.swift in Sources */ = {isa = PBXBuildFile; fileRef = E3BB4FC421BFA21E00EA587F /* MyDownloadViewController.swift */; };
		E3BB4FC821BFA37200EA587F /* DownloadCell.swift in Sources */ = {isa = PBXBuildFile; fileRef = E3BB4FC621BFA37100EA587F /* DownloadCell.swift */; };
		E3BB4FC921BFA37200EA587F /* DownloadCell.xib in Resources */ = {isa = PBXBuildFile; fileRef = E3BB4FC721BFA37200EA587F /* DownloadCell.xib */; };
/* End PBXBuildFile section */

/* Begin PBXContainerItemProxy section */
		E3BB4FA321BF9E3800EA587F /* PBXContainerItemProxy */ = {
			isa = PBXContainerItemProxy;
			containerPortal = E3BB4F8621BF9E3800EA587F /* Project object */;
			proxyType = 1;
			remoteGlobalIDString = E3BB4F8D21BF9E3800EA587F;
			remoteInfo = DDDownload;
		};
		E3BB4FAE21BF9E3800EA587F /* PBXContainerItemProxy */ = {
			isa = PBXContainerItemProxy;
			containerPortal = E3BB4F8621BF9E3800EA587F /* Project object */;
			proxyType = 1;
			remoteGlobalIDString = E3BB4F8D21BF9E3800EA587F;
			remoteInfo = DDDownload;
		};
/* End PBXContainerItemProxy section */

/* Begin PBXFileReference section */
		102D3185CFBC97B97220D419 /* Pods-DDDownloadTests.debug.xcconfig */ = {isa = PBXFileReference; includeInIndex = 1; lastKnownFileType = text.xcconfig; name = "Pods-DDDownloadTests.debug.xcconfig"; path = "Pods/Target Support Files/Pods-DDDownloadTests/Pods-DDDownloadTests.debug.xcconfig"; sourceTree = "<group>"; };
		31D6F61E66534272FD3E612E /* Pods-DDDownloadUITests.release.xcconfig */ = {isa = PBXFileReference; includeInIndex = 1; lastKnownFileType = text.xcconfig; name = "Pods-DDDownloadUITests.release.xcconfig"; path = "Pods/Target Support Files/Pods-DDDownloadUITests/Pods-DDDownloadUITests.release.xcconfig"; sourceTree = "<group>"; };
		46A35DE7163DF18F18CE9779 /* Pods-DDDownloadUITests.debug.xcconfig */ = {isa = PBXFileReference; includeInIndex = 1; lastKnownFileType = text.xcconfig; name = "Pods-DDDownloadUITests.debug.xcconfig"; path = "Pods/Target Support Files/Pods-DDDownloadUITests/Pods-DDDownloadUITests.debug.xcconfig"; sourceTree = "<group>"; };
		508D9AE611F2FF68005DA8D2 /* Pods_DDDownloadUITests.framework */ = {isa = PBXFileReference; explicitFileType = wrapper.framework; includeInIndex = 0; path = Pods_DDDownloadUITests.framework; sourceTree = BUILT_PRODUCTS_DIR; };
		599FC24D8653B0086FBE34B5 /* Pods-DDDownload.release.xcconfig */ = {isa = PBXFileReference; includeInIndex = 1; lastKnownFileType = text.xcconfig; name = "Pods-DDDownload.release.xcconfig"; path = "Pods/Target Support Files/Pods-DDDownload/Pods-DDDownload.release.xcconfig"; sourceTree = "<group>"; };
		628413E5811F47C4B5ABEED4 /* Pods-DDDownload.debug.xcconfig */ = {isa = PBXFileReference; includeInIndex = 1; lastKnownFileType = text.xcconfig; name = "Pods-DDDownload.debug.xcconfig"; path = "Pods/Target Support Files/Pods-DDDownload/Pods-DDDownload.debug.xcconfig"; sourceTree = "<group>"; };
		9737DE0E58376F560091EF03 /* Pods_DDDownloadTests.framework */ = {isa = PBXFileReference; explicitFileType = wrapper.framework; includeInIndex = 0; path = Pods_DDDownloadTests.framework; sourceTree = BUILT_PRODUCTS_DIR; };
		AA703853ACCEDA32C6EE616C /* Pods-DDDownloadTests.release.xcconfig */ = {isa = PBXFileReference; includeInIndex = 1; lastKnownFileType = text.xcconfig; name = "Pods-DDDownloadTests.release.xcconfig"; path = "Pods/Target Support Files/Pods-DDDownloadTests/Pods-DDDownloadTests.release.xcconfig"; sourceTree = "<group>"; };
		E39E45CF21C09F2900579F72 /* DDDownloadModel.swift */ = {isa = PBXFileReference; lastKnownFileType = sourcecode.swift; path = DDDownloadModel.swift; sourceTree = "<group>"; };
		E39E45D121C0C22000579F72 /* String+md5.swift */ = {isa = PBXFileReference; lastKnownFileType = sourcecode.swift; path = "String+md5.swift"; sourceTree = "<group>"; };
		E39E45D421C0C71700579F72 /* DDPlayer.h */ = {isa = PBXFileReference; fileEncoding = 4; lastKnownFileType = sourcecode.c.h; path = DDPlayer.h; sourceTree = "<group>"; };
		E39E45D521C0C71700579F72 /* DDPlayerManager.h */ = {isa = PBXFileReference; fileEncoding = 4; lastKnownFileType = sourcecode.c.h; path = DDPlayerManager.h; sourceTree = "<group>"; };
		E39E45D721C0C71700579F72 /* DDPlayerContentView.h */ = {isa = PBXFileReference; fileEncoding = 4; lastKnownFileType = sourcecode.c.h; path = DDPlayerContentView.h; sourceTree = "<group>"; };
		E39E45D821C0C71700579F72 /* DDPlayerView.m */ = {isa = PBXFileReference; fileEncoding = 4; lastKnownFileType = sourcecode.c.objc; path = DDPlayerView.m; sourceTree = "<group>"; };
		E39E45D921C0C71700579F72 /* DDPlayerViewDelegate.h */ = {isa = PBXFileReference; fileEncoding = 4; lastKnownFileType = sourcecode.c.h; path = DDPlayerViewDelegate.h; sourceTree = "<group>"; };
		E39E45DB21C0C71700579F72 /* DDPlayerView+ShowSubView.h */ = {isa = PBXFileReference; fileEncoding = 4; lastKnownFileType = sourcecode.c.h; path = "DDPlayerView+ShowSubView.h"; sourceTree = "<group>"; };
		E39E45DC21C0C71700579F72 /* DDPlayerView+Private.m */ = {isa = PBXFileReference; fileEncoding = 4; lastKnownFileType = sourcecode.c.objc; path = "DDPlayerView+Private.m"; sourceTree = "<group>"; };
		E39E45DE21C0C71700579F72 /* DDPlayerView+ViewAppear.h */ = {isa = PBXFileReference; fileEncoding = 4; lastKnownFileType = sourcecode.c.h; path = "DDPlayerView+ViewAppear.h"; sourceTree = "<group>"; };
		E39E45DF21C0C71700579F72 /* DDPlayerView+ViewAppear.m */ = {isa = PBXFileReference; fileEncoding = 4; lastKnownFileType = sourcecode.c.objc; path = "DDPlayerView+ViewAppear.m"; sourceTree = "<group>"; };
		E39E45E121C0C71700579F72 /* DDPlayerView+CaptureVideo.h */ = {isa = PBXFileReference; fileEncoding = 4; lastKnownFileType = sourcecode.c.h; path = "DDPlayerView+CaptureVideo.h"; sourceTree = "<group>"; };
		E39E45E221C0C71700579F72 /* DDPlayerView+CaptureVideo.m */ = {isa = PBXFileReference; fileEncoding = 4; lastKnownFileType = sourcecode.c.objc; path = "DDPlayerView+CaptureVideo.m"; sourceTree = "<group>"; };
		E39E45E421C0C71700579F72 /* DDPlayerView+SwitchLine.m */ = {isa = PBXFileReference; fileEncoding = 4; lastKnownFileType = sourcecode.c.objc; path = "DDPlayerView+SwitchLine.m"; sourceTree = "<group>"; };
		E39E45E521C0C71700579F72 /* DDPlayerView+SwitchLine.h */ = {isa = PBXFileReference; fileEncoding = 4; lastKnownFileType = sourcecode.c.h; path = "DDPlayerView+SwitchLine.h"; sourceTree = "<group>"; };
		E39E45E721C0C71700579F72 /* DDPlayerView+CaptureImage.h */ = {isa = PBXFileReference; fileEncoding = 4; lastKnownFileType = sourcecode.c.h; path = "DDPlayerView+CaptureImage.h"; sourceTree = "<group>"; };
		E39E45E821C0C71700579F72 /* DDPlayerView+CaptureImage.m */ = {isa = PBXFileReference; fileEncoding = 4; lastKnownFileType = sourcecode.c.objc; path = "DDPlayerView+CaptureImage.m"; sourceTree = "<group>"; };
		E39E45E921C0C71700579F72 /* DDPlayerView+ShowSubView.m */ = {isa = PBXFileReference; fileEncoding = 4; lastKnownFileType = sourcecode.c.objc; path = "DDPlayerView+ShowSubView.m"; sourceTree = "<group>"; };
		E39E45EB21C0C71700579F72 /* DDPlayerView+TryWatch.m */ = {isa = PBXFileReference; fileEncoding = 4; lastKnownFileType = sourcecode.c.objc; path = "DDPlayerView+TryWatch.m"; sourceTree = "<group>"; };
		E39E45EC21C0C71700579F72 /* DDPlayerView+ToPay.m */ = {isa = PBXFileReference; fileEncoding = 4; lastKnownFileType = sourcecode.c.objc; path = "DDPlayerView+ToPay.m"; sourceTree = "<group>"; };
		E39E45ED21C0C71700579F72 /* DDPlayerView+TryWatch.h */ = {isa = PBXFileReference; fileEncoding = 4; lastKnownFileType = sourcecode.c.h; path = "DDPlayerView+TryWatch.h"; sourceTree = "<group>"; };
		E39E45EE21C0C71800579F72 /* DDPlayerView+ToPay.h */ = {isa = PBXFileReference; fileEncoding = 4; lastKnownFileType = sourcecode.c.h; path = "DDPlayerView+ToPay.h"; sourceTree = "<group>"; };
		E39E45EF21C0C71800579F72 /* DDPlayerView+Private.h */ = {isa = PBXFileReference; fileEncoding = 4; lastKnownFileType = sourcecode.c.h; path = "DDPlayerView+Private.h"; sourceTree = "<group>"; };
		E39E45F021C0C71800579F72 /* DDPlayerView.h */ = {isa = PBXFileReference; fileEncoding = 4; lastKnownFileType = sourcecode.c.h; path = DDPlayerView.h; sourceTree = "<group>"; };
		E39E45F121C0C71800579F72 /* DDPlayerContentView.m */ = {isa = PBXFileReference; fileEncoding = 4; lastKnownFileType = sourcecode.c.objc; path = DDPlayerContentView.m; sourceTree = "<group>"; };
		E39E45F321C0C71800579F72 /* DDKVOManager.h */ = {isa = PBXFileReference; fileEncoding = 4; lastKnownFileType = sourcecode.c.h; path = DDKVOManager.h; sourceTree = "<group>"; };
		E39E45F421C0C71800579F72 /* DDPlayerTool.h */ = {isa = PBXFileReference; fileEncoding = 4; lastKnownFileType = sourcecode.c.h; path = DDPlayerTool.h; sourceTree = "<group>"; };
		E39E45F521C0C71800579F72 /* DDPlayerUIFactory.m */ = {isa = PBXFileReference; fileEncoding = 4; lastKnownFileType = sourcecode.c.objc; path = DDPlayerUIFactory.m; sourceTree = "<group>"; };
		E39E45F621C0C71800579F72 /* DDKVOManager.m */ = {isa = PBXFileReference; fileEncoding = 4; lastKnownFileType = sourcecode.c.objc; path = DDKVOManager.m; sourceTree = "<group>"; };
		E39E45F721C0C71800579F72 /* NSTimer+Block.h */ = {isa = PBXFileReference; fileEncoding = 4; lastKnownFileType = sourcecode.c.h; path = "NSTimer+Block.h"; sourceTree = "<group>"; };
		E39E45F821C0C71800579F72 /* DDPlayerUIFactory.h */ = {isa = PBXFileReference; fileEncoding = 4; lastKnownFileType = sourcecode.c.h; path = DDPlayerUIFactory.h; sourceTree = "<group>"; };
		E39E45F921C0C71800579F72 /* DDPlayerTool.m */ = {isa = PBXFileReference; fileEncoding = 4; lastKnownFileType = sourcecode.c.objc; path = DDPlayerTool.m; sourceTree = "<group>"; };
		E39E45FA21C0C71800579F72 /* DDVideoPlayer.h */ = {isa = PBXFileReference; fileEncoding = 4; lastKnownFileType = sourcecode.c.h; path = DDVideoPlayer.h; sourceTree = "<group>"; };
		E39E45FB21C0C71800579F72 /* DDPlayerDelegate.h */ = {isa = PBXFileReference; fileEncoding = 4; lastKnownFileType = sourcecode.c.h; path = DDPlayerDelegate.h; sourceTree = "<group>"; };
		E39E45FC21C0C71800579F72 /* DDPlayerManager.m */ = {isa = PBXFileReference; fileEncoding = 4; lastKnownFileType = sourcecode.c.objc; path = DDPlayerManager.m; sourceTree = "<group>"; };
		E39E45FF21C0C71800579F72 /* DDPlayerClarityPromptLabel.m */ = {isa = PBXFileReference; fileEncoding = 4; lastKnownFileType = sourcecode.c.objc; path = DDPlayerClarityPromptLabel.m; sourceTree = "<group>"; };
		E39E460021C0C71800579F72 /* DDPlayerClarityTool.m */ = {isa = PBXFileReference; fileEncoding = 4; lastKnownFileType = sourcecode.c.objc; path = DDPlayerClarityTool.m; sourceTree = "<group>"; };
		E39E460121C0C71800579F72 /* DDPlayerClarityChoiceView.h */ = {isa = PBXFileReference; fileEncoding = 4; lastKnownFileType = sourcecode.c.h; path = DDPlayerClarityChoiceView.h; sourceTree = "<group>"; };
		E39E460221C0C71800579F72 /* DDPlayerClarityTool.h */ = {isa = PBXFileReference; fileEncoding = 4; lastKnownFileType = sourcecode.c.h; path = DDPlayerClarityTool.h; sourceTree = "<group>"; };
		E39E460321C0C71800579F72 /* DDPlayerClarityPromptLabel.h */ = {isa = PBXFileReference; fileEncoding = 4; lastKnownFileType = sourcecode.c.h; path = DDPlayerClarityPromptLabel.h; sourceTree = "<group>"; };
		E39E460421C0C71800579F72 /* DDPlayerClarityChoiceView.m */ = {isa = PBXFileReference; fileEncoding = 4; lastKnownFileType = sourcecode.c.objc; path = DDPlayerClarityChoiceView.m; sourceTree = "<group>"; };
		E39E460621C0C71800579F72 /* DDPlayerCoverView.m */ = {isa = PBXFileReference; fileEncoding = 4; lastKnownFileType = sourcecode.c.objc; path = DDPlayerCoverView.m; sourceTree = "<group>"; };
		E39E460721C0C71800579F72 /* DDPlayerCoverView.h */ = {isa = PBXFileReference; fileEncoding = 4; lastKnownFileType = sourcecode.c.h; path = DDPlayerCoverView.h; sourceTree = "<group>"; };
		E39E460921C0C71800579F72 /* DDCaptureVideoView.m */ = {isa = PBXFileReference; fileEncoding = 4; lastKnownFileType = sourcecode.c.objc; path = DDCaptureVideoView.m; sourceTree = "<group>"; };
		E39E460A21C0C71800579F72 /* DDCaptureVideoShareView.m */ = {isa = PBXFileReference; fileEncoding = 4; lastKnownFileType = sourcecode.c.objc; path = DDCaptureVideoShareView.m; sourceTree = "<group>"; };
		E39E460B21C0C71800579F72 /* DDTextView.m */ = {isa = PBXFileReference; fileEncoding = 4; lastKnownFileType = sourcecode.c.objc; path = DDTextView.m; sourceTree = "<group>"; };
		E39E460C21C0C71800579F72 /* DDCaptureVideoProgressView.h */ = {isa = PBXFileReference; fileEncoding = 4; lastKnownFileType = sourcecode.c.h; path = DDCaptureVideoProgressView.h; sourceTree = "<group>"; };
		E39E460D21C0C71800579F72 /* DDCaptureVideoCommentView.m */ = {isa = PBXFileReference; fileEncoding = 4; lastKnownFileType = sourcecode.c.objc; path = DDCaptureVideoCommentView.m; sourceTree = "<group>"; };
		E39E460E21C0C71800579F72 /* DDCaptureVideoShareView.h */ = {isa = PBXFileReference; fileEncoding = 4; lastKnownFileType = sourcecode.c.h; path = DDCaptureVideoShareView.h; sourceTree = "<group>"; };
		E39E460F21C0C71800579F72 /* DDCaptureVideoView.h */ = {isa = PBXFileReference; fileEncoding = 4; lastKnownFileType = sourcecode.c.h; path = DDCaptureVideoView.h; sourceTree = "<group>"; };
		E39E461021C0C71800579F72 /* DDTextView.h */ = {isa = PBXFileReference; fileEncoding = 4; lastKnownFileType = sourcecode.c.h; path = DDTextView.h; sourceTree = "<group>"; };
		E39E461121C0C71800579F72 /* DDCaptureVideoProgressView.m */ = {isa = PBXFileReference; fileEncoding = 4; lastKnownFileType = sourcecode.c.objc; path = DDCaptureVideoProgressView.m; sourceTree = "<group>"; };
		E39E461221C0C71800579F72 /* DDCaptureVideoCommentView.h */ = {isa = PBXFileReference; fileEncoding = 4; lastKnownFileType = sourcecode.c.h; path = DDCaptureVideoCommentView.h; sourceTree = "<group>"; };
		E39E461421C0C71800579F72 /* DDCaptureImageShareSmallView.m */ = {isa = PBXFileReference; fileEncoding = 4; lastKnownFileType = sourcecode.c.objc; path = DDCaptureImageShareSmallView.m; sourceTree = "<group>"; };
		E39E461521C0C71800579F72 /* DDCaptureImageShareView.h */ = {isa = PBXFileReference; fileEncoding = 4; lastKnownFileType = sourcecode.c.h; path = DDCaptureImageShareView.h; sourceTree = "<group>"; };
		E39E461621C0C71800579F72 /* DDCaptureImageShareSmallView.h */ = {isa = PBXFileReference; fileEncoding = 4; lastKnownFileType = sourcecode.c.h; path = DDCaptureImageShareSmallView.h; sourceTree = "<group>"; };
		E39E461721C0C71800579F72 /* DDCaptureImageShareView.m */ = {isa = PBXFileReference; fileEncoding = 4; lastKnownFileType = sourcecode.c.objc; path = DDCaptureImageShareView.m; sourceTree = "<group>"; };
		E39E461921C0C71800579F72 /* DDPlayerContainerView.h */ = {isa = PBXFileReference; fileEncoding = 4; lastKnownFileType = sourcecode.c.h; path = DDPlayerContainerView.h; sourceTree = "<group>"; };
		E39E461A21C0C71800579F72 /* DDPlayerContainerView.m */ = {isa = PBXFileReference; fileEncoding = 4; lastKnownFileType = sourcecode.c.objc; path = DDPlayerContainerView.m; sourceTree = "<group>"; };
		E39E461C21C0C71800579F72 /* DDNetworkErrorView.h */ = {isa = PBXFileReference; fileEncoding = 4; lastKnownFileType = sourcecode.c.h; path = DDNetworkErrorView.h; sourceTree = "<group>"; };
		E39E461D21C0C71800579F72 /* DDNetworkWWANWarnView.h */ = {isa = PBXFileReference; fileEncoding = 4; lastKnownFileType = sourcecode.c.h; path = DDNetworkWWANWarnView.h; sourceTree = "<group>"; };
		E39E461E21C0C71800579F72 /* DDNetworkErrorView.m */ = {isa = PBXFileReference; fileEncoding = 4; lastKnownFileType = sourcecode.c.objc; path = DDNetworkErrorView.m; sourceTree = "<group>"; };
		E39E461F21C0C71800579F72 /* DDNetworkWWANWarnView.m */ = {isa = PBXFileReference; fileEncoding = 4; lastKnownFileType = sourcecode.c.objc; path = DDNetworkWWANWarnView.m; sourceTree = "<group>"; };
		E39E462121C0C71800579F72 /* DDPlayerBackButton.m */ = {isa = PBXFileReference; fileEncoding = 4; lastKnownFileType = sourcecode.c.objc; path = DDPlayerBackButton.m; sourceTree = "<group>"; };
		E39E462221C0C71800579F72 /* DDLeftBottomPromptLabel.h */ = {isa = PBXFileReference; fileEncoding = 4; lastKnownFileType = sourcecode.c.h; path = DDLeftBottomPromptLabel.h; sourceTree = "<group>"; };
		E39E462321C0C71800579F72 /* DDPlayerBackButton.h */ = {isa = PBXFileReference; fileEncoding = 4; lastKnownFileType = sourcecode.c.h; path = DDPlayerBackButton.h; sourceTree = "<group>"; };
		E39E462421C0C71800579F72 /* DDLeftBottomPromptLabel.m */ = {isa = PBXFileReference; fileEncoding = 4; lastKnownFileType = sourcecode.c.objc; path = DDLeftBottomPromptLabel.m; sourceTree = "<group>"; };
		E39E462621C0C71800579F72 /* DDPlayerErrorView.m */ = {isa = PBXFileReference; fileEncoding = 4; lastKnownFileType = sourcecode.c.objc; path = DDPlayerErrorView.m; sourceTree = "<group>"; };
		E39E462721C0C71800579F72 /* DDPlayerErrorView.h */ = {isa = PBXFileReference; fileEncoding = 4; lastKnownFileType = sourcecode.c.h; path = DDPlayerErrorView.h; sourceTree = "<group>"; };
		E39E462921C0C71800579F72 /* DDPlayerControlBottomLandscapeView.m */ = {isa = PBXFileReference; fileEncoding = 4; lastKnownFileType = sourcecode.c.objc; path = DDPlayerControlBottomLandscapeView.m; sourceTree = "<group>"; };
		E39E462A21C0C71800579F72 /* DDPlayerControlView.m */ = {isa = PBXFileReference; fileEncoding = 4; lastKnownFileType = sourcecode.c.objc; path = DDPlayerControlView.m; sourceTree = "<group>"; };
		E39E462B21C0C71800579F72 /* DDPlayerControlBottomBaseView.h */ = {isa = PBXFileReference; fileEncoding = 4; lastKnownFileType = sourcecode.c.h; path = DDPlayerControlBottomBaseView.h; sourceTree = "<group>"; };
		E39E462C21C0C71800579F72 /* DDPlayerControlTopView.m */ = {isa = PBXFileReference; fileEncoding = 4; lastKnownFileType = sourcecode.c.objc; path = DDPlayerControlTopView.m; sourceTree = "<group>"; };
		E39E462D21C0C71800579F72 /* DDPlayerControlBottomPortraitView.m */ = {isa = PBXFileReference; fileEncoding = 4; lastKnownFileType = sourcecode.c.objc; path = DDPlayerControlBottomPortraitView.m; sourceTree = "<group>"; };
		E39E462E21C0C71800579F72 /* DDPlayerComponentBaseView.m */ = {isa = PBXFileReference; fileEncoding = 4; lastKnownFileType = sourcecode.c.objc; path = DDPlayerComponentBaseView.m; sourceTree = "<group>"; };
		E39E462F21C0C71800579F72 /* DDPlayerControlBottomBaseView.m */ = {isa = PBXFileReference; fileEncoding = 4; lastKnownFileType = sourcecode.c.objc; path = DDPlayerControlBottomBaseView.m; sourceTree = "<group>"; };
		E39E463021C0C71800579F72 /* DDPlayerControlView.h */ = {isa = PBXFileReference; fileEncoding = 4; lastKnownFileType = sourcecode.c.h; path = DDPlayerControlView.h; sourceTree = "<group>"; };
		E39E463121C0C71800579F72 /* DDPlayerControlBottomLandscapeView.h */ = {isa = PBXFileReference; fileEncoding = 4; lastKnownFileType = sourcecode.c.h; path = DDPlayerControlBottomLandscapeView.h; sourceTree = "<group>"; };
		E39E463221C0C71800579F72 /* DDPlayerComponentBaseView.h */ = {isa = PBXFileReference; fileEncoding = 4; lastKnownFileType = sourcecode.c.h; path = DDPlayerComponentBaseView.h; sourceTree = "<group>"; };
		E39E463321C0C71800579F72 /* DDPlayerControlBottomPortraitView.h */ = {isa = PBXFileReference; fileEncoding = 4; lastKnownFileType = sourcecode.c.h; path = DDPlayerControlBottomPortraitView.h; sourceTree = "<group>"; };
		E39E463421C0C71800579F72 /* DDPlayerControlTopView.h */ = {isa = PBXFileReference; fileEncoding = 4; lastKnownFileType = sourcecode.c.h; path = DDPlayerControlTopView.h; sourceTree = "<group>"; };
		E39E463621C0C71800579F72 /* DDBrightView.h */ = {isa = PBXFileReference; fileEncoding = 4; lastKnownFileType = sourcecode.c.h; path = DDBrightView.h; sourceTree = "<group>"; };
		E39E463721C0C71800579F72 /* DDBrightView.m */ = {isa = PBXFileReference; fileEncoding = 4; lastKnownFileType = sourcecode.c.objc; path = DDBrightView.m; sourceTree = "<group>"; };
		E39E463921C0C71800579F72 /* DDNeedPayView.h */ = {isa = PBXFileReference; fileEncoding = 4; lastKnownFileType = sourcecode.c.h; path = DDNeedPayView.h; sourceTree = "<group>"; };
		E39E463A21C0C71800579F72 /* DDTryWatchView.h */ = {isa = PBXFileReference; fileEncoding = 4; lastKnownFileType = sourcecode.c.h; path = DDTryWatchView.h; sourceTree = "<group>"; };
		E39E463B21C0C71800579F72 /* DDNeedPayView.m */ = {isa = PBXFileReference; fileEncoding = 4; lastKnownFileType = sourcecode.c.objc; path = DDNeedPayView.m; sourceTree = "<group>"; };
		E39E463C21C0C71800579F72 /* DDTryWatchView.m */ = {isa = PBXFileReference; fileEncoding = 4; lastKnownFileType = sourcecode.c.objc; path = DDTryWatchView.m; sourceTree = "<group>"; };
		E39E463E21C0C71800579F72 /* DDPlayerDragProgressPortraitView.m */ = {isa = PBXFileReference; fileEncoding = 4; lastKnownFileType = sourcecode.c.objc; path = DDPlayerDragProgressPortraitView.m; sourceTree = "<group>"; };
		E39E463F21C0C71800579F72 /* DDPlayerDragProgressLandscapeView.h */ = {isa = PBXFileReference; fileEncoding = 4; lastKnownFileType = sourcecode.c.h; path = DDPlayerDragProgressLandscapeView.h; sourceTree = "<group>"; };
		E39E464021C0C71800579F72 /* DDPlayerDragProgressBaseView.m */ = {isa = PBXFileReference; fileEncoding = 4; lastKnownFileType = sourcecode.c.objc; path = DDPlayerDragProgressBaseView.m; sourceTree = "<group>"; };
		E39E464121C0C71800579F72 /* DDPlayerDragProgressPortraitView.h */ = {isa = PBXFileReference; fileEncoding = 4; lastKnownFileType = sourcecode.c.h; path = DDPlayerDragProgressPortraitView.h; sourceTree = "<group>"; };
		E39E464221C0C71800579F72 /* DDPlayerDragProgressLandscapeView.m */ = {isa = PBXFileReference; fileEncoding = 4; lastKnownFileType = sourcecode.c.objc; path = DDPlayerDragProgressLandscapeView.m; sourceTree = "<group>"; };
		E39E464321C0C71800579F72 /* DDPlayerDragProgressBaseView.h */ = {isa = PBXFileReference; fileEncoding = 4; lastKnownFileType = sourcecode.c.h; path = DDPlayerDragProgressBaseView.h; sourceTree = "<group>"; };
		E39E464521C0C71800579F72 /* DDTryWatchFinishView.m */ = {isa = PBXFileReference; fileEncoding = 4; lastKnownFileType = sourcecode.c.objc; path = DDTryWatchFinishView.m; sourceTree = "<group>"; };
		E39E464621C0C71800579F72 /* DDTryWatchFinishView.h */ = {isa = PBXFileReference; fileEncoding = 4; lastKnownFileType = sourcecode.c.h; path = DDTryWatchFinishView.h; sourceTree = "<group>"; };
		E39E464721C0C71800579F72 /* DDPlayer.m */ = {isa = PBXFileReference; fileEncoding = 4; lastKnownFileType = sourcecode.c.objc; path = DDPlayer.m; sourceTree = "<group>"; };
		E39E464821C0C71800579F72 /* DDPlayerStatus.h */ = {isa = PBXFileReference; fileEncoding = 4; lastKnownFileType = sourcecode.c.h; path = DDPlayerStatus.h; sourceTree = "<group>"; };
		E39E464A21C0C71800579F72 /* DDPlayer_Gif_Loading.gif */ = {isa = PBXFileReference; lastKnownFileType = image.gif; path = DDPlayer_Gif_Loading.gif; sourceTree = "<group>"; };
		E39E467921C0CA6700579F72 /* PlayerViewController.swift */ = {isa = PBXFileReference; lastKnownFileType = sourcecode.swift; path = PlayerViewController.swift; sourceTree = "<group>"; };
		E39E467F21C0D2C700579F72 /* Bridging-Header.h */ = {isa = PBXFileReference; lastKnownFileType = sourcecode.c.h; path = "Bridging-Header.h"; sourceTree = "<group>"; };
		E3BB4F8E21BF9E3800EA587F /* DDDownload.app */ = {isa = PBXFileReference; explicitFileType = wrapper.application; includeInIndex = 0; path = DDDownload.app; sourceTree = BUILT_PRODUCTS_DIR; };
		E3BB4F9121BF9E3800EA587F /* AppDelegate.swift */ = {isa = PBXFileReference; lastKnownFileType = sourcecode.swift; path = AppDelegate.swift; sourceTree = "<group>"; };
		E3BB4F9321BF9E3800EA587F /* ViewController.swift */ = {isa = PBXFileReference; lastKnownFileType = sourcecode.swift; path = ViewController.swift; sourceTree = "<group>"; };
		E3BB4F9621BF9E3800EA587F /* Base */ = {isa = PBXFileReference; lastKnownFileType = file.storyboard; name = Base; path = Base.lproj/Main.storyboard; sourceTree = "<group>"; };
		E3BB4F9821BF9E3800EA587F /* Assets.xcassets */ = {isa = PBXFileReference; lastKnownFileType = folder.assetcatalog; path = Assets.xcassets; sourceTree = "<group>"; };
		E3BB4F9B21BF9E3800EA587F /* Base */ = {isa = PBXFileReference; lastKnownFileType = file.storyboard; name = Base; path = Base.lproj/LaunchScreen.storyboard; sourceTree = "<group>"; };
		E3BB4F9D21BF9E3800EA587F /* Info.plist */ = {isa = PBXFileReference; lastKnownFileType = text.plist.xml; path = Info.plist; sourceTree = "<group>"; };
		E3BB4FA221BF9E3800EA587F /* DDDownloadTests.xctest */ = {isa = PBXFileReference; explicitFileType = wrapper.cfbundle; includeInIndex = 0; path = DDDownloadTests.xctest; sourceTree = BUILT_PRODUCTS_DIR; };
		E3BB4FA621BF9E3800EA587F /* DDDownloadTests.swift */ = {isa = PBXFileReference; lastKnownFileType = sourcecode.swift; path = DDDownloadTests.swift; sourceTree = "<group>"; };
		E3BB4FA821BF9E3800EA587F /* Info.plist */ = {isa = PBXFileReference; lastKnownFileType = text.plist.xml; path = Info.plist; sourceTree = "<group>"; };
		E3BB4FAD21BF9E3800EA587F /* DDDownloadUITests.xctest */ = {isa = PBXFileReference; explicitFileType = wrapper.cfbundle; includeInIndex = 0; path = DDDownloadUITests.xctest; sourceTree = BUILT_PRODUCTS_DIR; };
		E3BB4FB121BF9E3800EA587F /* DDDownloadUITests.swift */ = {isa = PBXFileReference; lastKnownFileType = sourcecode.swift; path = DDDownloadUITests.swift; sourceTree = "<group>"; };
		E3BB4FB321BF9E3800EA587F /* Info.plist */ = {isa = PBXFileReference; lastKnownFileType = text.plist.xml; path = Info.plist; sourceTree = "<group>"; };
		E3BB4FBF21BF9E9D00EA587F /* DDDownloadManager.swift */ = {isa = PBXFileReference; lastKnownFileType = sourcecode.swift; path = DDDownloadManager.swift; sourceTree = "<group>"; };
		E3BB4FC221BFA21300EA587F /* DownloadViewController.swift */ = {isa = PBXFileReference; lastKnownFileType = sourcecode.swift; path = DownloadViewController.swift; sourceTree = "<group>"; };
		E3BB4FC421BFA21E00EA587F /* MyDownloadViewController.swift */ = {isa = PBXFileReference; lastKnownFileType = sourcecode.swift; path = MyDownloadViewController.swift; sourceTree = "<group>"; };
		E3BB4FC621BFA37100EA587F /* DownloadCell.swift */ = {isa = PBXFileReference; lastKnownFileType = sourcecode.swift; path = DownloadCell.swift; sourceTree = "<group>"; };
		E3BB4FC721BFA37200EA587F /* DownloadCell.xib */ = {isa = PBXFileReference; lastKnownFileType = file.xib; path = DownloadCell.xib; sourceTree = "<group>"; };
		E9464B86026EB24D8452C6DC /* Pods_DDDownload.framework */ = {isa = PBXFileReference; explicitFileType = wrapper.framework; includeInIndex = 0; path = Pods_DDDownload.framework; sourceTree = BUILT_PRODUCTS_DIR; };
/* End PBXFileReference section */

/* Begin PBXFrameworksBuildPhase section */
		E3BB4F8B21BF9E3800EA587F /* Frameworks */ = {
			isa = PBXFrameworksBuildPhase;
			buildActionMask = 2147483647;
			files = (
				D5B9FADEA4DDE2974A2C4334 /* Pods_DDDownload.framework in Frameworks */,
			);
			runOnlyForDeploymentPostprocessing = 0;
		};
		E3BB4F9F21BF9E3800EA587F /* Frameworks */ = {
			isa = PBXFrameworksBuildPhase;
			buildActionMask = 2147483647;
			files = (
				B3C5FB31D6B4196DC5C846CB /* Pods_DDDownloadTests.framework in Frameworks */,
			);
			runOnlyForDeploymentPostprocessing = 0;
		};
		E3BB4FAA21BF9E3800EA587F /* Frameworks */ = {
			isa = PBXFrameworksBuildPhase;
			buildActionMask = 2147483647;
			files = (
				CF5885108076110046996E57 /* Pods_DDDownloadUITests.framework in Frameworks */,
			);
			runOnlyForDeploymentPostprocessing = 0;
		};
/* End PBXFrameworksBuildPhase section */

/* Begin PBXGroup section */
		47F5DECA5832F4F591AA1D39 /* Frameworks */ = {
			isa = PBXGroup;
			children = (
				E9464B86026EB24D8452C6DC /* Pods_DDDownload.framework */,
				9737DE0E58376F560091EF03 /* Pods_DDDownloadTests.framework */,
				508D9AE611F2FF68005DA8D2 /* Pods_DDDownloadUITests.framework */,
			);
			name = Frameworks;
			sourceTree = "<group>";
		};
		E39E45D321C0C71700579F72 /* DDPlayer */ = {
			isa = PBXGroup;
			children = (
				E39E45D421C0C71700579F72 /* DDPlayer.h */,
				E39E45D521C0C71700579F72 /* DDPlayerManager.h */,
				E39E45D621C0C71700579F72 /* DDPlayerView */,
				E39E45F221C0C71800579F72 /* Other */,
				E39E45FA21C0C71800579F72 /* DDVideoPlayer.h */,
				E39E45FB21C0C71800579F72 /* DDPlayerDelegate.h */,
				E39E45FC21C0C71800579F72 /* DDPlayerManager.m */,
				E39E45FD21C0C71800579F72 /* View */,
				E39E464721C0C71800579F72 /* DDPlayer.m */,
				E39E464821C0C71800579F72 /* DDPlayerStatus.h */,
				E39E464921C0C71800579F72 /* Resource */,
			);
			path = DDPlayer;
			sourceTree = "<group>";
		};
		E39E45D621C0C71700579F72 /* DDPlayerView */ = {
			isa = PBXGroup;
			children = (
				E39E45D721C0C71700579F72 /* DDPlayerContentView.h */,
				E39E45D821C0C71700579F72 /* DDPlayerView.m */,
				E39E45D921C0C71700579F72 /* DDPlayerViewDelegate.h */,
				E39E45DA21C0C71700579F72 /* Extensions */,
				E39E45F021C0C71800579F72 /* DDPlayerView.h */,
				E39E45F121C0C71800579F72 /* DDPlayerContentView.m */,
			);
			path = DDPlayerView;
			sourceTree = "<group>";
		};
		E39E45DA21C0C71700579F72 /* Extensions */ = {
			isa = PBXGroup;
			children = (
				E39E45DB21C0C71700579F72 /* DDPlayerView+ShowSubView.h */,
				E39E45DC21C0C71700579F72 /* DDPlayerView+Private.m */,
				E39E45DD21C0C71700579F72 /* ViewAppear */,
				E39E45E021C0C71700579F72 /* 视频截取 */,
				E39E45E321C0C71700579F72 /* 切换清晰度 */,
				E39E45E621C0C71700579F72 /* 图像截取 */,
				E39E45E921C0C71700579F72 /* DDPlayerView+ShowSubView.m */,
				E39E45EA21C0C71700579F72 /* 显示付费和试看 */,
				E39E45EF21C0C71800579F72 /* DDPlayerView+Private.h */,
			);
			path = Extensions;
			sourceTree = "<group>";
		};
		E39E45DD21C0C71700579F72 /* ViewAppear */ = {
			isa = PBXGroup;
			children = (
				E39E45DE21C0C71700579F72 /* DDPlayerView+ViewAppear.h */,
				E39E45DF21C0C71700579F72 /* DDPlayerView+ViewAppear.m */,
			);
			path = ViewAppear;
			sourceTree = "<group>";
		};
		E39E45E021C0C71700579F72 /* 视频截取 */ = {
			isa = PBXGroup;
			children = (
				E39E45E121C0C71700579F72 /* DDPlayerView+CaptureVideo.h */,
				E39E45E221C0C71700579F72 /* DDPlayerView+CaptureVideo.m */,
			);
			path = "视频截取";
			sourceTree = "<group>";
		};
		E39E45E321C0C71700579F72 /* 切换清晰度 */ = {
			isa = PBXGroup;
			children = (
				E39E45E421C0C71700579F72 /* DDPlayerView+SwitchLine.m */,
				E39E45E521C0C71700579F72 /* DDPlayerView+SwitchLine.h */,
			);
			path = "切换清晰度";
			sourceTree = "<group>";
		};
		E39E45E621C0C71700579F72 /* 图像截取 */ = {
			isa = PBXGroup;
			children = (
				E39E45E721C0C71700579F72 /* DDPlayerView+CaptureImage.h */,
				E39E45E821C0C71700579F72 /* DDPlayerView+CaptureImage.m */,
			);
			path = "图像截取";
			sourceTree = "<group>";
		};
		E39E45EA21C0C71700579F72 /* 显示付费和试看 */ = {
			isa = PBXGroup;
			children = (
				E39E45EB21C0C71700579F72 /* DDPlayerView+TryWatch.m */,
				E39E45EC21C0C71700579F72 /* DDPlayerView+ToPay.m */,
				E39E45ED21C0C71700579F72 /* DDPlayerView+TryWatch.h */,
				E39E45EE21C0C71800579F72 /* DDPlayerView+ToPay.h */,
			);
			path = "显示付费和试看";
			sourceTree = "<group>";
		};
		E39E45F221C0C71800579F72 /* Other */ = {
			isa = PBXGroup;
			children = (
				E39E45F321C0C71800579F72 /* DDKVOManager.h */,
				E39E45F421C0C71800579F72 /* DDPlayerTool.h */,
				E39E45F521C0C71800579F72 /* DDPlayerUIFactory.m */,
				E39E45F621C0C71800579F72 /* DDKVOManager.m */,
				E39E45F721C0C71800579F72 /* NSTimer+Block.h */,
				E39E45F821C0C71800579F72 /* DDPlayerUIFactory.h */,
				E39E45F921C0C71800579F72 /* DDPlayerTool.m */,
			);
			path = Other;
			sourceTree = "<group>";
		};
		E39E45FD21C0C71800579F72 /* View */ = {
			isa = PBXGroup;
			children = (
				E39E45FE21C0C71800579F72 /* 选择清晰度 */,
				E39E460521C0C71800579F72 /* 封面 */,
				E39E460821C0C71800579F72 /* 截取视频分享 */,
				E39E461321C0C71800579F72 /* 截取图片分享 */,
				E39E461821C0C71800579F72 /* ContentView */,
				E39E461B21C0C71800579F72 /* 网络监控提示图 */,
				E39E462021C0C71800579F72 /* Common */,
				E39E462521C0C71800579F72 /* 播放器异常提示图 */,
				E39E462821C0C71800579F72 /* ControlView */,
				E39E463521C0C71800579F72 /* 亮度调试视图 */,
				E39E463821C0C71800579F72 /* 2c课程相关 */,
				E39E463D21C0C71800579F72 /* 拖拽进度视图 */,
				E39E464421C0C71800579F72 /* 付费视频视图 */,
			);
			path = View;
			sourceTree = "<group>";
		};
		E39E45FE21C0C71800579F72 /* 选择清晰度 */ = {
			isa = PBXGroup;
			children = (
				E39E45FF21C0C71800579F72 /* DDPlayerClarityPromptLabel.m */,
				E39E460021C0C71800579F72 /* DDPlayerClarityTool.m */,
				E39E460121C0C71800579F72 /* DDPlayerClarityChoiceView.h */,
				E39E460221C0C71800579F72 /* DDPlayerClarityTool.h */,
				E39E460321C0C71800579F72 /* DDPlayerClarityPromptLabel.h */,
				E39E460421C0C71800579F72 /* DDPlayerClarityChoiceView.m */,
			);
			path = "选择清晰度";
			sourceTree = "<group>";
		};
		E39E460521C0C71800579F72 /* 封面 */ = {
			isa = PBXGroup;
			children = (
				E39E460621C0C71800579F72 /* DDPlayerCoverView.m */,
				E39E460721C0C71800579F72 /* DDPlayerCoverView.h */,
			);
			path = "封面";
			sourceTree = "<group>";
		};
		E39E460821C0C71800579F72 /* 截取视频分享 */ = {
			isa = PBXGroup;
			children = (
				E39E460921C0C71800579F72 /* DDCaptureVideoView.m */,
				E39E460A21C0C71800579F72 /* DDCaptureVideoShareView.m */,
				E39E460B21C0C71800579F72 /* DDTextView.m */,
				E39E460C21C0C71800579F72 /* DDCaptureVideoProgressView.h */,
				E39E460D21C0C71800579F72 /* DDCaptureVideoCommentView.m */,
				E39E460E21C0C71800579F72 /* DDCaptureVideoShareView.h */,
				E39E460F21C0C71800579F72 /* DDCaptureVideoView.h */,
				E39E461021C0C71800579F72 /* DDTextView.h */,
				E39E461121C0C71800579F72 /* DDCaptureVideoProgressView.m */,
				E39E461221C0C71800579F72 /* DDCaptureVideoCommentView.h */,
			);
			path = "截取视频分享";
			sourceTree = "<group>";
		};
		E39E461321C0C71800579F72 /* 截取图片分享 */ = {
			isa = PBXGroup;
			children = (
				E39E461421C0C71800579F72 /* DDCaptureImageShareSmallView.m */,
				E39E461521C0C71800579F72 /* DDCaptureImageShareView.h */,
				E39E461621C0C71800579F72 /* DDCaptureImageShareSmallView.h */,
				E39E461721C0C71800579F72 /* DDCaptureImageShareView.m */,
			);
			path = "截取图片分享";
			sourceTree = "<group>";
		};
		E39E461821C0C71800579F72 /* ContentView */ = {
			isa = PBXGroup;
			children = (
				E39E461921C0C71800579F72 /* DDPlayerContainerView.h */,
				E39E461A21C0C71800579F72 /* DDPlayerContainerView.m */,
			);
			path = ContentView;
			sourceTree = "<group>";
		};
		E39E461B21C0C71800579F72 /* 网络监控提示图 */ = {
			isa = PBXGroup;
			children = (
				E39E461C21C0C71800579F72 /* DDNetworkErrorView.h */,
				E39E461D21C0C71800579F72 /* DDNetworkWWANWarnView.h */,
				E39E461E21C0C71800579F72 /* DDNetworkErrorView.m */,
				E39E461F21C0C71800579F72 /* DDNetworkWWANWarnView.m */,
			);
			path = "网络监控提示图";
			sourceTree = "<group>";
		};
		E39E462021C0C71800579F72 /* Common */ = {
			isa = PBXGroup;
			children = (
				E39E462121C0C71800579F72 /* DDPlayerBackButton.m */,
				E39E462221C0C71800579F72 /* DDLeftBottomPromptLabel.h */,
				E39E462321C0C71800579F72 /* DDPlayerBackButton.h */,
				E39E462421C0C71800579F72 /* DDLeftBottomPromptLabel.m */,
			);
			path = Common;
			sourceTree = "<group>";
		};
		E39E462521C0C71800579F72 /* 播放器异常提示图 */ = {
			isa = PBXGroup;
			children = (
				E39E462621C0C71800579F72 /* DDPlayerErrorView.m */,
				E39E462721C0C71800579F72 /* DDPlayerErrorView.h */,
			);
			path = "播放器异常提示图";
			sourceTree = "<group>";
		};
		E39E462821C0C71800579F72 /* ControlView */ = {
			isa = PBXGroup;
			children = (
				E39E462921C0C71800579F72 /* DDPlayerControlBottomLandscapeView.m */,
				E39E462A21C0C71800579F72 /* DDPlayerControlView.m */,
				E39E462B21C0C71800579F72 /* DDPlayerControlBottomBaseView.h */,
				E39E462C21C0C71800579F72 /* DDPlayerControlTopView.m */,
				E39E462D21C0C71800579F72 /* DDPlayerControlBottomPortraitView.m */,
				E39E462E21C0C71800579F72 /* DDPlayerComponentBaseView.m */,
				E39E462F21C0C71800579F72 /* DDPlayerControlBottomBaseView.m */,
				E39E463021C0C71800579F72 /* DDPlayerControlView.h */,
				E39E463121C0C71800579F72 /* DDPlayerControlBottomLandscapeView.h */,
				E39E463221C0C71800579F72 /* DDPlayerComponentBaseView.h */,
				E39E463321C0C71800579F72 /* DDPlayerControlBottomPortraitView.h */,
				E39E463421C0C71800579F72 /* DDPlayerControlTopView.h */,
			);
			path = ControlView;
			sourceTree = "<group>";
		};
		E39E463521C0C71800579F72 /* 亮度调试视图 */ = {
			isa = PBXGroup;
			children = (
				E39E463621C0C71800579F72 /* DDBrightView.h */,
				E39E463721C0C71800579F72 /* DDBrightView.m */,
			);
			path = "亮度调试视图";
			sourceTree = "<group>";
		};
		E39E463821C0C71800579F72 /* 2c课程相关 */ = {
			isa = PBXGroup;
			children = (
				E39E463921C0C71800579F72 /* DDNeedPayView.h */,
				E39E463A21C0C71800579F72 /* DDTryWatchView.h */,
				E39E463B21C0C71800579F72 /* DDNeedPayView.m */,
				E39E463C21C0C71800579F72 /* DDTryWatchView.m */,
			);
			path = "2c课程相关";
			sourceTree = "<group>";
		};
		E39E463D21C0C71800579F72 /* 拖拽进度视图 */ = {
			isa = PBXGroup;
			children = (
				E39E463E21C0C71800579F72 /* DDPlayerDragProgressPortraitView.m */,
				E39E463F21C0C71800579F72 /* DDPlayerDragProgressLandscapeView.h */,
				E39E464021C0C71800579F72 /* DDPlayerDragProgressBaseView.m */,
				E39E464121C0C71800579F72 /* DDPlayerDragProgressPortraitView.h */,
				E39E464221C0C71800579F72 /* DDPlayerDragProgressLandscapeView.m */,
				E39E464321C0C71800579F72 /* DDPlayerDragProgressBaseView.h */,
			);
			path = "拖拽进度视图";
			sourceTree = "<group>";
		};
		E39E464421C0C71800579F72 /* 付费视频视图 */ = {
			isa = PBXGroup;
			children = (
				E39E464521C0C71800579F72 /* DDTryWatchFinishView.m */,
				E39E464621C0C71800579F72 /* DDTryWatchFinishView.h */,
			);
			path = "付费视频视图";
			sourceTree = "<group>";
		};
		E39E464921C0C71800579F72 /* Resource */ = {
			isa = PBXGroup;
			children = (
				E39E464A21C0C71800579F72 /* DDPlayer_Gif_Loading.gif */,
			);
			path = Resource;
			sourceTree = "<group>";
		};
		E3BB4F8521BF9E3800EA587F = {
			isa = PBXGroup;
			children = (
				E3BB4F9021BF9E3800EA587F /* DDDownload */,
				E3BB4FA521BF9E3800EA587F /* DDDownloadTests */,
				E3BB4FB021BF9E3800EA587F /* DDDownloadUITests */,
				E3BB4F8F21BF9E3800EA587F /* Products */,
				F9110803049AD68BC6A4ADBD /* Pods */,
				47F5DECA5832F4F591AA1D39 /* Frameworks */,
			);
			sourceTree = "<group>";
		};
		E3BB4F8F21BF9E3800EA587F /* Products */ = {
			isa = PBXGroup;
			children = (
				E3BB4F8E21BF9E3800EA587F /* DDDownload.app */,
				E3BB4FA221BF9E3800EA587F /* DDDownloadTests.xctest */,
				E3BB4FAD21BF9E3800EA587F /* DDDownloadUITests.xctest */,
			);
			name = Products;
			sourceTree = "<group>";
		};
		E3BB4F9021BF9E3800EA587F /* DDDownload */ = {
			isa = PBXGroup;
			children = (
				E3BB4FC121BF9EA300EA587F /* DDDownload */,
				E39E45D321C0C71700579F72 /* DDPlayer */,
				E3BB4F9121BF9E3800EA587F /* AppDelegate.swift */,
				E3BB4F9321BF9E3800EA587F /* ViewController.swift */,
				E3BB4F9521BF9E3800EA587F /* Main.storyboard */,
				E3BB4FC221BFA21300EA587F /* DownloadViewController.swift */,
				E3BB4FC421BFA21E00EA587F /* MyDownloadViewController.swift */,
				E39E467921C0CA6700579F72 /* PlayerViewController.swift */,
				E3BB4FC621BFA37100EA587F /* DownloadCell.swift */,
				E3BB4FC721BFA37200EA587F /* DownloadCell.xib */,
				E3BB4F9821BF9E3800EA587F /* Assets.xcassets */,
				E3BB4F9A21BF9E3800EA587F /* LaunchScreen.storyboard */,
				E3BB4F9D21BF9E3800EA587F /* Info.plist */,
				E39E467F21C0D2C700579F72 /* Bridging-Header.h */,
			);
			path = DDDownload;
			sourceTree = "<group>";
		};
		E3BB4FA521BF9E3800EA587F /* DDDownloadTests */ = {
			isa = PBXGroup;
			children = (
				E3BB4FA621BF9E3800EA587F /* DDDownloadTests.swift */,
				E3BB4FA821BF9E3800EA587F /* Info.plist */,
			);
			path = DDDownloadTests;
			sourceTree = "<group>";
		};
		E3BB4FB021BF9E3800EA587F /* DDDownloadUITests */ = {
			isa = PBXGroup;
			children = (
				E3BB4FB121BF9E3800EA587F /* DDDownloadUITests.swift */,
				E3BB4FB321BF9E3800EA587F /* Info.plist */,
			);
			path = DDDownloadUITests;
			sourceTree = "<group>";
		};
		E3BB4FC121BF9EA300EA587F /* DDDownload */ = {
			isa = PBXGroup;
			children = (
				E3BB4FBF21BF9E9D00EA587F /* DDDownloadManager.swift */,
				E39E45CF21C09F2900579F72 /* DDDownloadModel.swift */,
				E39E45D121C0C22000579F72 /* String+md5.swift */,
			);
			path = DDDownload;
			sourceTree = "<group>";
		};
		F9110803049AD68BC6A4ADBD /* Pods */ = {
			isa = PBXGroup;
			children = (
				628413E5811F47C4B5ABEED4 /* Pods-DDDownload.debug.xcconfig */,
				599FC24D8653B0086FBE34B5 /* Pods-DDDownload.release.xcconfig */,
				102D3185CFBC97B97220D419 /* Pods-DDDownloadTests.debug.xcconfig */,
				AA703853ACCEDA32C6EE616C /* Pods-DDDownloadTests.release.xcconfig */,
				46A35DE7163DF18F18CE9779 /* Pods-DDDownloadUITests.debug.xcconfig */,
				31D6F61E66534272FD3E612E /* Pods-DDDownloadUITests.release.xcconfig */,
			);
			name = Pods;
			sourceTree = "<group>";
		};
/* End PBXGroup section */

/* Begin PBXNativeTarget section */
		E3BB4F8D21BF9E3800EA587F /* DDDownload */ = {
			isa = PBXNativeTarget;
			buildConfigurationList = E3BB4FB621BF9E3800EA587F /* Build configuration list for PBXNativeTarget "DDDownload" */;
			buildPhases = (
				01789BF5E3FEBA22C640160B /* [CP] Check Pods Manifest.lock */,
				E3BB4F8A21BF9E3800EA587F /* Sources */,
				E3BB4F8B21BF9E3800EA587F /* Frameworks */,
				E3BB4F8C21BF9E3800EA587F /* Resources */,
				A2C12F7B44469FA6E8466C68 /* [CP] Embed Pods Frameworks */,
			);
			buildRules = (
			);
			dependencies = (
			);
			name = DDDownload;
			productName = DDDownload;
			productReference = E3BB4F8E21BF9E3800EA587F /* DDDownload.app */;
			productType = "com.apple.product-type.application";
		};
		E3BB4FA121BF9E3800EA587F /* DDDownloadTests */ = {
			isa = PBXNativeTarget;
			buildConfigurationList = E3BB4FB921BF9E3800EA587F /* Build configuration list for PBXNativeTarget "DDDownloadTests" */;
			buildPhases = (
				7FFE556877EA2C63FC224E7C /* [CP] Check Pods Manifest.lock */,
				E3BB4F9E21BF9E3800EA587F /* Sources */,
				E3BB4F9F21BF9E3800EA587F /* Frameworks */,
				E3BB4FA021BF9E3800EA587F /* Resources */,
			);
			buildRules = (
			);
			dependencies = (
				E3BB4FA421BF9E3800EA587F /* PBXTargetDependency */,
			);
			name = DDDownloadTests;
			productName = DDDownloadTests;
			productReference = E3BB4FA221BF9E3800EA587F /* DDDownloadTests.xctest */;
			productType = "com.apple.product-type.bundle.unit-test";
		};
		E3BB4FAC21BF9E3800EA587F /* DDDownloadUITests */ = {
			isa = PBXNativeTarget;
			buildConfigurationList = E3BB4FBC21BF9E3800EA587F /* Build configuration list for PBXNativeTarget "DDDownloadUITests" */;
			buildPhases = (
				E5A6AFEC9EFCFD0754EE4264 /* [CP] Check Pods Manifest.lock */,
				E3BB4FA921BF9E3800EA587F /* Sources */,
				E3BB4FAA21BF9E3800EA587F /* Frameworks */,
				E3BB4FAB21BF9E3800EA587F /* Resources */,
			);
			buildRules = (
			);
			dependencies = (
				E3BB4FAF21BF9E3800EA587F /* PBXTargetDependency */,
			);
			name = DDDownloadUITests;
			productName = DDDownloadUITests;
			productReference = E3BB4FAD21BF9E3800EA587F /* DDDownloadUITests.xctest */;
			productType = "com.apple.product-type.bundle.ui-testing";
		};
/* End PBXNativeTarget section */

/* Begin PBXProject section */
		E3BB4F8621BF9E3800EA587F /* Project object */ = {
			isa = PBXProject;
			attributes = {
				LastSwiftUpdateCheck = 1010;
				LastUpgradeCheck = 1010;
				ORGANIZATIONNAME = wuqh;
				TargetAttributes = {
					E3BB4F8D21BF9E3800EA587F = {
						CreatedOnToolsVersion = 10.1;
						SystemCapabilities = {
							com.apple.BackgroundModes = {
								enabled = 1;
							};
						};
					};
					E3BB4FA121BF9E3800EA587F = {
						CreatedOnToolsVersion = 10.1;
						TestTargetID = E3BB4F8D21BF9E3800EA587F;
					};
					E3BB4FAC21BF9E3800EA587F = {
						CreatedOnToolsVersion = 10.1;
						TestTargetID = E3BB4F8D21BF9E3800EA587F;
					};
				};
			};
			buildConfigurationList = E3BB4F8921BF9E3800EA587F /* Build configuration list for PBXProject "DDDownload" */;
			compatibilityVersion = "Xcode 9.3";
			developmentRegion = en;
			hasScannedForEncodings = 0;
			knownRegions = (
				en,
				Base,
			);
			mainGroup = E3BB4F8521BF9E3800EA587F;
			productRefGroup = E3BB4F8F21BF9E3800EA587F /* Products */;
			projectDirPath = "";
			projectRoot = "";
			targets = (
				E3BB4F8D21BF9E3800EA587F /* DDDownload */,
				E3BB4FA121BF9E3800EA587F /* DDDownloadTests */,
				E3BB4FAC21BF9E3800EA587F /* DDDownloadUITests */,
			);
		};
/* End PBXProject section */

/* Begin PBXResourcesBuildPhase section */
		E3BB4F8C21BF9E3800EA587F /* Resources */ = {
			isa = PBXResourcesBuildPhase;
			buildActionMask = 2147483647;
			files = (
				E3BB4F9C21BF9E3800EA587F /* LaunchScreen.storyboard in Resources */,
				E3BB4FC921BFA37200EA587F /* DownloadCell.xib in Resources */,
				E3BB4F9921BF9E3800EA587F /* Assets.xcassets in Resources */,
				E39E467821C0C71800579F72 /* DDPlayer_Gif_Loading.gif in Resources */,
				E3BB4F9721BF9E3800EA587F /* Main.storyboard in Resources */,
			);
			runOnlyForDeploymentPostprocessing = 0;
		};
		E3BB4FA021BF9E3800EA587F /* Resources */ = {
			isa = PBXResourcesBuildPhase;
			buildActionMask = 2147483647;
			files = (
			);
			runOnlyForDeploymentPostprocessing = 0;
		};
		E3BB4FAB21BF9E3800EA587F /* Resources */ = {
			isa = PBXResourcesBuildPhase;
			buildActionMask = 2147483647;
			files = (
			);
			runOnlyForDeploymentPostprocessing = 0;
		};
/* End PBXResourcesBuildPhase section */

/* Begin PBXShellScriptBuildPhase section */
		01789BF5E3FEBA22C640160B /* [CP] Check Pods Manifest.lock */ = {
			isa = PBXShellScriptBuildPhase;
			buildActionMask = 2147483647;
			files = (
			);
			inputFileListPaths = (
			);
			inputPaths = (
				"${PODS_PODFILE_DIR_PATH}/Podfile.lock",
				"${PODS_ROOT}/Manifest.lock",
			);
			name = "[CP] Check Pods Manifest.lock";
			outputFileListPaths = (
			);
			outputPaths = (
				"$(DERIVED_FILE_DIR)/Pods-DDDownload-checkManifestLockResult.txt",
			);
			runOnlyForDeploymentPostprocessing = 0;
			shellPath = /bin/sh;
			shellScript = "diff \"${PODS_PODFILE_DIR_PATH}/Podfile.lock\" \"${PODS_ROOT}/Manifest.lock\" > /dev/null\nif [ $? != 0 ] ; then\n    # print error to STDERR\n    echo \"error: The sandbox is not in sync with the Podfile.lock. Run 'pod install' or update your CocoaPods installation.\" >&2\n    exit 1\nfi\n# This output is used by Xcode 'outputs' to avoid re-running this script phase.\necho \"SUCCESS\" > \"${SCRIPT_OUTPUT_FILE_0}\"\n";
			showEnvVarsInLog = 0;
		};
		7FFE556877EA2C63FC224E7C /* [CP] Check Pods Manifest.lock */ = {
			isa = PBXShellScriptBuildPhase;
			buildActionMask = 2147483647;
			files = (
			);
			inputFileListPaths = (
			);
			inputPaths = (
				"${PODS_PODFILE_DIR_PATH}/Podfile.lock",
				"${PODS_ROOT}/Manifest.lock",
			);
			name = "[CP] Check Pods Manifest.lock";
			outputFileListPaths = (
			);
			outputPaths = (
				"$(DERIVED_FILE_DIR)/Pods-DDDownloadTests-checkManifestLockResult.txt",
			);
			runOnlyForDeploymentPostprocessing = 0;
			shellPath = /bin/sh;
			shellScript = "diff \"${PODS_PODFILE_DIR_PATH}/Podfile.lock\" \"${PODS_ROOT}/Manifest.lock\" > /dev/null\nif [ $? != 0 ] ; then\n    # print error to STDERR\n    echo \"error: The sandbox is not in sync with the Podfile.lock. Run 'pod install' or update your CocoaPods installation.\" >&2\n    exit 1\nfi\n# This output is used by Xcode 'outputs' to avoid re-running this script phase.\necho \"SUCCESS\" > \"${SCRIPT_OUTPUT_FILE_0}\"\n";
			showEnvVarsInLog = 0;
		};
		A2C12F7B44469FA6E8466C68 /* [CP] Embed Pods Frameworks */ = {
			isa = PBXShellScriptBuildPhase;
			buildActionMask = 2147483647;
			files = (
			);
			inputFileListPaths = (
			);
			inputPaths = (
				"${SRCROOT}/Pods/Target Support Files/Pods-DDDownload/Pods-DDDownload-frameworks.sh",
				"${BUILT_PRODUCTS_DIR}/Masonry/Masonry.framework",
				"${BUILT_PRODUCTS_DIR}/Reachability/Reachability.framework",
				"${BUILT_PRODUCTS_DIR}/SDWebImage/SDWebImage.framework",
			);
			name = "[CP] Embed Pods Frameworks";
			outputFileListPaths = (
			);
			outputPaths = (
				"${TARGET_BUILD_DIR}/${FRAMEWORKS_FOLDER_PATH}/Masonry.framework",
				"${TARGET_BUILD_DIR}/${FRAMEWORKS_FOLDER_PATH}/Reachability.framework",
				"${TARGET_BUILD_DIR}/${FRAMEWORKS_FOLDER_PATH}/SDWebImage.framework",
			);
			runOnlyForDeploymentPostprocessing = 0;
			shellPath = /bin/sh;
			shellScript = "\"${SRCROOT}/Pods/Target Support Files/Pods-DDDownload/Pods-DDDownload-frameworks.sh\"\n";
			showEnvVarsInLog = 0;
		};
		E5A6AFEC9EFCFD0754EE4264 /* [CP] Check Pods Manifest.lock */ = {
			isa = PBXShellScriptBuildPhase;
			buildActionMask = 2147483647;
			files = (
			);
			inputFileListPaths = (
			);
			inputPaths = (
				"${PODS_PODFILE_DIR_PATH}/Podfile.lock",
				"${PODS_ROOT}/Manifest.lock",
			);
			name = "[CP] Check Pods Manifest.lock";
			outputFileListPaths = (
			);
			outputPaths = (
				"$(DERIVED_FILE_DIR)/Pods-DDDownloadUITests-checkManifestLockResult.txt",
			);
			runOnlyForDeploymentPostprocessing = 0;
			shellPath = /bin/sh;
			shellScript = "diff \"${PODS_PODFILE_DIR_PATH}/Podfile.lock\" \"${PODS_ROOT}/Manifest.lock\" > /dev/null\nif [ $? != 0 ] ; then\n    # print error to STDERR\n    echo \"error: The sandbox is not in sync with the Podfile.lock. Run 'pod install' or update your CocoaPods installation.\" >&2\n    exit 1\nfi\n# This output is used by Xcode 'outputs' to avoid re-running this script phase.\necho \"SUCCESS\" > \"${SCRIPT_OUTPUT_FILE_0}\"\n";
			showEnvVarsInLog = 0;
		};
/* End PBXShellScriptBuildPhase section */

/* Begin PBXSourcesBuildPhase section */
		E3BB4F8A21BF9E3800EA587F /* Sources */ = {
			isa = PBXSourcesBuildPhase;
			buildActionMask = 2147483647;
			files = (
				E39E465121C0C71800579F72 /* DDPlayerView+ShowSubView.m in Sources */,
				E39E465F21C0C71800579F72 /* DDTextView.m in Sources */,
				E39E465B21C0C71800579F72 /* DDPlayerClarityChoiceView.m in Sources */,
				E39E464D21C0C71800579F72 /* DDPlayerView+ViewAppear.m in Sources */,
				E39E466E21C0C71800579F72 /* DDPlayerComponentBaseView.m in Sources */,
				E39E467121C0C71800579F72 /* DDNeedPayView.m in Sources */,
				E3BB4FC021BF9E9D00EA587F /* DDDownloadManager.swift in Sources */,
				E39E465A21C0C71800579F72 /* DDPlayerClarityTool.m in Sources */,
				E39E465421C0C71800579F72 /* DDPlayerContentView.m in Sources */,
				E39E466421C0C71800579F72 /* DDPlayerContainerView.m in Sources */,
				E39E465221C0C71800579F72 /* DDPlayerView+TryWatch.m in Sources */,
				E39E465021C0C71800579F72 /* DDPlayerView+CaptureImage.m in Sources */,
				E3BB4FC521BFA21E00EA587F /* MyDownloadViewController.swift in Sources */,
				E39E465E21C0C71800579F72 /* DDCaptureVideoShareView.m in Sources */,
				E39E45D021C09F2900579F72 /* DDDownloadModel.swift in Sources */,
				E39E465621C0C71800579F72 /* DDKVOManager.m in Sources */,
				E39E464C21C0C71800579F72 /* DDPlayerView+Private.m in Sources */,
				E39E45D221C0C22000579F72 /* String+md5.swift in Sources */,
				E3BB4F9421BF9E3800EA587F /* ViewController.swift in Sources */,
				E39E466F21C0C71800579F72 /* DDPlayerControlBottomBaseView.m in Sources */,
				E39E465821C0C71800579F72 /* DDPlayerManager.m in Sources */,
				E39E465721C0C71800579F72 /* DDPlayerTool.m in Sources */,
				E39E466521C0C71800579F72 /* DDNetworkErrorView.m in Sources */,
				E39E467421C0C71800579F72 /* DDPlayerDragProgressBaseView.m in Sources */,
				E39E467321C0C71800579F72 /* DDPlayerDragProgressPortraitView.m in Sources */,
				E39E466321C0C71800579F72 /* DDCaptureImageShareView.m in Sources */,
				E3BB4FC321BFA21300EA587F /* DownloadViewController.swift in Sources */,
				E39E467521C0C71800579F72 /* DDPlayerDragProgressLandscapeView.m in Sources */,
				E39E466821C0C71800579F72 /* DDLeftBottomPromptLabel.m in Sources */,
				E39E465C21C0C71800579F72 /* DDPlayerCoverView.m in Sources */,
				E39E465D21C0C71800579F72 /* DDCaptureVideoView.m in Sources */,
				E39E466C21C0C71800579F72 /* DDPlayerControlTopView.m in Sources */,
				E39E464E21C0C71800579F72 /* DDPlayerView+CaptureVideo.m in Sources */,
				E39E465521C0C71800579F72 /* DDPlayerUIFactory.m in Sources */,
				E39E467721C0C71800579F72 /* DDPlayer.m in Sources */,
				E39E467021C0C71800579F72 /* DDBrightView.m in Sources */,
				E39E467621C0C71800579F72 /* DDTryWatchFinishView.m in Sources */,
				E39E466021C0C71800579F72 /* DDCaptureVideoCommentView.m in Sources */,
				E39E466921C0C71800579F72 /* DDPlayerErrorView.m in Sources */,
				E3BB4F9221BF9E3800EA587F /* AppDelegate.swift in Sources */,
				E39E466B21C0C71800579F72 /* DDPlayerControlView.m in Sources */,
				E39E467A21C0CA6700579F72 /* PlayerViewController.swift in Sources */,
				E39E467221C0C71800579F72 /* DDTryWatchView.m in Sources */,
				E39E464F21C0C71800579F72 /* DDPlayerView+SwitchLine.m in Sources */,
				E39E465921C0C71800579F72 /* DDPlayerClarityPromptLabel.m in Sources */,
				E39E466A21C0C71800579F72 /* DDPlayerControlBottomLandscapeView.m in Sources */,
				E39E465321C0C71800579F72 /* DDPlayerView+ToPay.m in Sources */,
				E3BB4FC821BFA37200EA587F /* DownloadCell.swift in Sources */,
				E39E466621C0C71800579F72 /* DDNetworkWWANWarnView.m in Sources */,
				E39E466D21C0C71800579F72 /* DDPlayerControlBottomPortraitView.m in Sources */,
				E39E466721C0C71800579F72 /* DDPlayerBackButton.m in Sources */,
				E39E466121C0C71800579F72 /* DDCaptureVideoProgressView.m in Sources */,
				E39E464B21C0C71800579F72 /* DDPlayerView.m in Sources */,
				E39E466221C0C71800579F72 /* DDCaptureImageShareSmallView.m in Sources */,
			);
			runOnlyForDeploymentPostprocessing = 0;
		};
		E3BB4F9E21BF9E3800EA587F /* Sources */ = {
			isa = PBXSourcesBuildPhase;
			buildActionMask = 2147483647;
			files = (
				E3BB4FA721BF9E3800EA587F /* DDDownloadTests.swift in Sources */,
			);
			runOnlyForDeploymentPostprocessing = 0;
		};
		E3BB4FA921BF9E3800EA587F /* Sources */ = {
			isa = PBXSourcesBuildPhase;
			buildActionMask = 2147483647;
			files = (
				E3BB4FB221BF9E3800EA587F /* DDDownloadUITests.swift in Sources */,
			);
			runOnlyForDeploymentPostprocessing = 0;
		};
/* End PBXSourcesBuildPhase section */

/* Begin PBXTargetDependency section */
		E3BB4FA421BF9E3800EA587F /* PBXTargetDependency */ = {
			isa = PBXTargetDependency;
			target = E3BB4F8D21BF9E3800EA587F /* DDDownload */;
			targetProxy = E3BB4FA321BF9E3800EA587F /* PBXContainerItemProxy */;
		};
		E3BB4FAF21BF9E3800EA587F /* PBXTargetDependency */ = {
			isa = PBXTargetDependency;
			target = E3BB4F8D21BF9E3800EA587F /* DDDownload */;
			targetProxy = E3BB4FAE21BF9E3800EA587F /* PBXContainerItemProxy */;
		};
/* End PBXTargetDependency section */

/* Begin PBXVariantGroup section */
		E3BB4F9521BF9E3800EA587F /* Main.storyboard */ = {
			isa = PBXVariantGroup;
			children = (
				E3BB4F9621BF9E3800EA587F /* Base */,
			);
			name = Main.storyboard;
			sourceTree = "<group>";
		};
		E3BB4F9A21BF9E3800EA587F /* LaunchScreen.storyboard */ = {
			isa = PBXVariantGroup;
			children = (
				E3BB4F9B21BF9E3800EA587F /* Base */,
			);
			name = LaunchScreen.storyboard;
			sourceTree = "<group>";
		};
/* End PBXVariantGroup section */

/* Begin XCBuildConfiguration section */
		E3BB4FB421BF9E3800EA587F /* Debug */ = {
			isa = XCBuildConfiguration;
			buildSettings = {
				ALWAYS_SEARCH_USER_PATHS = NO;
				CLANG_ANALYZER_NONNULL = YES;
				CLANG_ANALYZER_NUMBER_OBJECT_CONVERSION = YES_AGGRESSIVE;
				CLANG_CXX_LANGUAGE_STANDARD = "gnu++14";
				CLANG_CXX_LIBRARY = "libc++";
				CLANG_ENABLE_MODULES = YES;
				CLANG_ENABLE_OBJC_ARC = YES;
				CLANG_ENABLE_OBJC_WEAK = YES;
				CLANG_WARN_BLOCK_CAPTURE_AUTORELEASING = YES;
				CLANG_WARN_BOOL_CONVERSION = YES;
				CLANG_WARN_COMMA = YES;
				CLANG_WARN_CONSTANT_CONVERSION = YES;
				CLANG_WARN_DEPRECATED_OBJC_IMPLEMENTATIONS = YES;
				CLANG_WARN_DIRECT_OBJC_ISA_USAGE = YES_ERROR;
				CLANG_WARN_DOCUMENTATION_COMMENTS = YES;
				CLANG_WARN_EMPTY_BODY = YES;
				CLANG_WARN_ENUM_CONVERSION = YES;
				CLANG_WARN_INFINITE_RECURSION = YES;
				CLANG_WARN_INT_CONVERSION = YES;
				CLANG_WARN_NON_LITERAL_NULL_CONVERSION = YES;
				CLANG_WARN_OBJC_IMPLICIT_RETAIN_SELF = YES;
				CLANG_WARN_OBJC_LITERAL_CONVERSION = YES;
				CLANG_WARN_OBJC_ROOT_CLASS = YES_ERROR;
				CLANG_WARN_RANGE_LOOP_ANALYSIS = YES;
				CLANG_WARN_STRICT_PROTOTYPES = YES;
				CLANG_WARN_SUSPICIOUS_MOVE = YES;
				CLANG_WARN_UNGUARDED_AVAILABILITY = YES_AGGRESSIVE;
				CLANG_WARN_UNREACHABLE_CODE = YES;
				CLANG_WARN__DUPLICATE_METHOD_MATCH = YES;
				CODE_SIGN_IDENTITY = "iPhone Developer";
				COPY_PHASE_STRIP = NO;
				DEBUG_INFORMATION_FORMAT = dwarf;
				ENABLE_STRICT_OBJC_MSGSEND = YES;
				ENABLE_TESTABILITY = YES;
				GCC_C_LANGUAGE_STANDARD = gnu11;
				GCC_DYNAMIC_NO_PIC = NO;
				GCC_NO_COMMON_BLOCKS = YES;
				GCC_OPTIMIZATION_LEVEL = 0;
				GCC_PREPROCESSOR_DEFINITIONS = (
					"DEBUG=1",
					"$(inherited)",
				);
				GCC_WARN_64_TO_32_BIT_CONVERSION = YES;
				GCC_WARN_ABOUT_RETURN_TYPE = YES_ERROR;
				GCC_WARN_UNDECLARED_SELECTOR = YES;
				GCC_WARN_UNINITIALIZED_AUTOS = YES_AGGRESSIVE;
				GCC_WARN_UNUSED_FUNCTION = YES;
				GCC_WARN_UNUSED_VARIABLE = YES;
				IPHONEOS_DEPLOYMENT_TARGET = 12.1;
				MTL_ENABLE_DEBUG_INFO = INCLUDE_SOURCE;
				MTL_FAST_MATH = YES;
				ONLY_ACTIVE_ARCH = YES;
				SDKROOT = iphoneos;
				SWIFT_ACTIVE_COMPILATION_CONDITIONS = DEBUG;
				SWIFT_OPTIMIZATION_LEVEL = "-Onone";
			};
			name = Debug;
		};
		E3BB4FB521BF9E3800EA587F /* Release */ = {
			isa = XCBuildConfiguration;
			buildSettings = {
				ALWAYS_SEARCH_USER_PATHS = NO;
				CLANG_ANALYZER_NONNULL = YES;
				CLANG_ANALYZER_NUMBER_OBJECT_CONVERSION = YES_AGGRESSIVE;
				CLANG_CXX_LANGUAGE_STANDARD = "gnu++14";
				CLANG_CXX_LIBRARY = "libc++";
				CLANG_ENABLE_MODULES = YES;
				CLANG_ENABLE_OBJC_ARC = YES;
				CLANG_ENABLE_OBJC_WEAK = YES;
				CLANG_WARN_BLOCK_CAPTURE_AUTORELEASING = YES;
				CLANG_WARN_BOOL_CONVERSION = YES;
				CLANG_WARN_COMMA = YES;
				CLANG_WARN_CONSTANT_CONVERSION = YES;
				CLANG_WARN_DEPRECATED_OBJC_IMPLEMENTATIONS = YES;
				CLANG_WARN_DIRECT_OBJC_ISA_USAGE = YES_ERROR;
				CLANG_WARN_DOCUMENTATION_COMMENTS = YES;
				CLANG_WARN_EMPTY_BODY = YES;
				CLANG_WARN_ENUM_CONVERSION = YES;
				CLANG_WARN_INFINITE_RECURSION = YES;
				CLANG_WARN_INT_CONVERSION = YES;
				CLANG_WARN_NON_LITERAL_NULL_CONVERSION = YES;
				CLANG_WARN_OBJC_IMPLICIT_RETAIN_SELF = YES;
				CLANG_WARN_OBJC_LITERAL_CONVERSION = YES;
				CLANG_WARN_OBJC_ROOT_CLASS = YES_ERROR;
				CLANG_WARN_RANGE_LOOP_ANALYSIS = YES;
				CLANG_WARN_STRICT_PROTOTYPES = YES;
				CLANG_WARN_SUSPICIOUS_MOVE = YES;
				CLANG_WARN_UNGUARDED_AVAILABILITY = YES_AGGRESSIVE;
				CLANG_WARN_UNREACHABLE_CODE = YES;
				CLANG_WARN__DUPLICATE_METHOD_MATCH = YES;
				CODE_SIGN_IDENTITY = "iPhone Developer";
				COPY_PHASE_STRIP = NO;
				DEBUG_INFORMATION_FORMAT = "dwarf-with-dsym";
				ENABLE_NS_ASSERTIONS = NO;
				ENABLE_STRICT_OBJC_MSGSEND = YES;
				GCC_C_LANGUAGE_STANDARD = gnu11;
				GCC_NO_COMMON_BLOCKS = YES;
				GCC_WARN_64_TO_32_BIT_CONVERSION = YES;
				GCC_WARN_ABOUT_RETURN_TYPE = YES_ERROR;
				GCC_WARN_UNDECLARED_SELECTOR = YES;
				GCC_WARN_UNINITIALIZED_AUTOS = YES_AGGRESSIVE;
				GCC_WARN_UNUSED_FUNCTION = YES;
				GCC_WARN_UNUSED_VARIABLE = YES;
				IPHONEOS_DEPLOYMENT_TARGET = 12.1;
				MTL_ENABLE_DEBUG_INFO = NO;
				MTL_FAST_MATH = YES;
				SDKROOT = iphoneos;
				SWIFT_COMPILATION_MODE = wholemodule;
				SWIFT_OPTIMIZATION_LEVEL = "-O";
				VALIDATE_PRODUCT = YES;
			};
			name = Release;
		};
		E3BB4FB721BF9E3800EA587F /* Debug */ = {
			isa = XCBuildConfiguration;
			baseConfigurationReference = 628413E5811F47C4B5ABEED4 /* Pods-DDDownload.debug.xcconfig */;
			buildSettings = {
				ASSETCATALOG_COMPILER_APPICON_NAME = AppIcon;
				CODE_SIGN_STYLE = Automatic;
				DEVELOPMENT_TEAM = 5E3A9G5UU5;
				INFOPLIST_FILE = DDDownload/Info.plist;
				LD_RUNPATH_SEARCH_PATHS = (
					"$(inherited)",
					"@executable_path/Frameworks",
				);
				PRODUCT_BUNDLE_IDENTIFIER = com.wuqh.DDDownload;
				PRODUCT_NAME = "$(TARGET_NAME)";
				SWIFT_OBJC_BRIDGING_HEADER = "DDDownload/Bridging-Header.h";
				SWIFT_VERSION = 4.2;
				TARGETED_DEVICE_FAMILY = "1,2";
			};
			name = Debug;
		};
		E3BB4FB821BF9E3800EA587F /* Release */ = {
			isa = XCBuildConfiguration;
			baseConfigurationReference = 599FC24D8653B0086FBE34B5 /* Pods-DDDownload.release.xcconfig */;
			buildSettings = {
				ASSETCATALOG_COMPILER_APPICON_NAME = AppIcon;
				CODE_SIGN_STYLE = Automatic;
				DEVELOPMENT_TEAM = 5E3A9G5UU5;
				INFOPLIST_FILE = DDDownload/Info.plist;
				LD_RUNPATH_SEARCH_PATHS = (
					"$(inherited)",
					"@executable_path/Frameworks",
				);
				PRODUCT_BUNDLE_IDENTIFIER = com.wuqh.DDDownload;
				PRODUCT_NAME = "$(TARGET_NAME)";
				SWIFT_OBJC_BRIDGING_HEADER = "DDDownload/Bridging-Header.h";
				SWIFT_VERSION = 4.2;
				TARGETED_DEVICE_FAMILY = "1,2";
			};
			name = Release;
		};
		E3BB4FBA21BF9E3800EA587F /* Debug */ = {
			isa = XCBuildConfiguration;
			baseConfigurationReference = 102D3185CFBC97B97220D419 /* Pods-DDDownloadTests.debug.xcconfig */;
			buildSettings = {
				ALWAYS_EMBED_SWIFT_STANDARD_LIBRARIES = YES;
				BUNDLE_LOADER = "$(TEST_HOST)";
				CODE_SIGN_STYLE = Automatic;
				DEVELOPMENT_TEAM = 5E3A9G5UU5;
				INFOPLIST_FILE = DDDownloadTests/Info.plist;
				LD_RUNPATH_SEARCH_PATHS = (
					"$(inherited)",
					"@executable_path/Frameworks",
					"@loader_path/Frameworks",
				);
				PRODUCT_BUNDLE_IDENTIFIER = com.wuqh.DDDownloadTests;
				PRODUCT_NAME = "$(TARGET_NAME)";
				SWIFT_VERSION = 4.2;
				TARGETED_DEVICE_FAMILY = "1,2";
				TEST_HOST = "$(BUILT_PRODUCTS_DIR)/DDDownload.app/DDDownload";
			};
			name = Debug;
		};
		E3BB4FBB21BF9E3800EA587F /* Release */ = {
			isa = XCBuildConfiguration;
			baseConfigurationReference = AA703853ACCEDA32C6EE616C /* Pods-DDDownloadTests.release.xcconfig */;
			buildSettings = {
				ALWAYS_EMBED_SWIFT_STANDARD_LIBRARIES = YES;
				BUNDLE_LOADER = "$(TEST_HOST)";
				CODE_SIGN_STYLE = Automatic;
				DEVELOPMENT_TEAM = 5E3A9G5UU5;
				INFOPLIST_FILE = DDDownloadTests/Info.plist;
				LD_RUNPATH_SEARCH_PATHS = (
					"$(inherited)",
					"@executable_path/Frameworks",
					"@loader_path/Frameworks",
				);
				PRODUCT_BUNDLE_IDENTIFIER = com.wuqh.DDDownloadTests;
				PRODUCT_NAME = "$(TARGET_NAME)";
				SWIFT_VERSION = 4.2;
				TARGETED_DEVICE_FAMILY = "1,2";
				TEST_HOST = "$(BUILT_PRODUCTS_DIR)/DDDownload.app/DDDownload";
			};
			name = Release;
		};
		E3BB4FBD21BF9E3800EA587F /* Debug */ = {
			isa = XCBuildConfiguration;
			baseConfigurationReference = 46A35DE7163DF18F18CE9779 /* Pods-DDDownloadUITests.debug.xcconfig */;
			buildSettings = {
				ALWAYS_EMBED_SWIFT_STANDARD_LIBRARIES = YES;
				CODE_SIGN_STYLE = Automatic;
				DEVELOPMENT_TEAM = 5E3A9G5UU5;
				INFOPLIST_FILE = DDDownloadUITests/Info.plist;
				LD_RUNPATH_SEARCH_PATHS = (
					"$(inherited)",
					"@executable_path/Frameworks",
					"@loader_path/Frameworks",
				);
				PRODUCT_BUNDLE_IDENTIFIER = com.wuqh.DDDownloadUITests;
				PRODUCT_NAME = "$(TARGET_NAME)";
				SWIFT_VERSION = 4.2;
				TARGETED_DEVICE_FAMILY = "1,2";
				TEST_TARGET_NAME = DDDownload;
			};
			name = Debug;
		};
		E3BB4FBE21BF9E3800EA587F /* Release */ = {
			isa = XCBuildConfiguration;
			baseConfigurationReference = 31D6F61E66534272FD3E612E /* Pods-DDDownloadUITests.release.xcconfig */;
			buildSettings = {
				ALWAYS_EMBED_SWIFT_STANDARD_LIBRARIES = YES;
				CODE_SIGN_STYLE = Automatic;
				DEVELOPMENT_TEAM = 5E3A9G5UU5;
				INFOPLIST_FILE = DDDownloadUITests/Info.plist;
				LD_RUNPATH_SEARCH_PATHS = (
					"$(inherited)",
					"@executable_path/Frameworks",
					"@loader_path/Frameworks",
				);
				PRODUCT_BUNDLE_IDENTIFIER = com.wuqh.DDDownloadUITests;
				PRODUCT_NAME = "$(TARGET_NAME)";
				SWIFT_VERSION = 4.2;
				TARGETED_DEVICE_FAMILY = "1,2";
				TEST_TARGET_NAME = DDDownload;
			};
			name = Release;
		};
/* End XCBuildConfiguration section */

/* Begin XCConfigurationList section */
		E3BB4F8921BF9E3800EA587F /* Build configuration list for PBXProject "DDDownload" */ = {
			isa = XCConfigurationList;
			buildConfigurations = (
				E3BB4FB421BF9E3800EA587F /* Debug */,
				E3BB4FB521BF9E3800EA587F /* Release */,
			);
			defaultConfigurationIsVisible = 0;
			defaultConfigurationName = Release;
		};
		E3BB4FB621BF9E3800EA587F /* Build configuration list for PBXNativeTarget "DDDownload" */ = {
			isa = XCConfigurationList;
			buildConfigurations = (
				E3BB4FB721BF9E3800EA587F /* Debug */,
				E3BB4FB821BF9E3800EA587F /* Release */,
			);
			defaultConfigurationIsVisible = 0;
			defaultConfigurationName = Release;
		};
		E3BB4FB921BF9E3800EA587F /* Build configuration list for PBXNativeTarget "DDDownloadTests" */ = {
			isa = XCConfigurationList;
			buildConfigurations = (
				E3BB4FBA21BF9E3800EA587F /* Debug */,
				E3BB4FBB21BF9E3800EA587F /* Release */,
			);
			defaultConfigurationIsVisible = 0;
			defaultConfigurationName = Release;
		};
		E3BB4FBC21BF9E3800EA587F /* Build configuration list for PBXNativeTarget "DDDownloadUITests" */ = {
			isa = XCConfigurationList;
			buildConfigurations = (
				E3BB4FBD21BF9E3800EA587F /* Debug */,
				E3BB4FBE21BF9E3800EA587F /* Release */,
			);
			defaultConfigurationIsVisible = 0;
			defaultConfigurationName = Release;
		};
/* End XCConfigurationList section */
	};
	rootObject = E3BB4F8621BF9E3800EA587F /* Project object */;
}
